// !$*UTF8*$!
{
	archiveVersion = 1;
	classes = {
	};
	objectVersion = 46;
	objects = {

/* Begin PBXBuildFile section */
		D6019C1C18E2804D00C2A396 /* Foundation.framework in Frameworks */ = {isa = PBXBuildFile; fileRef = D6019C1B18E2804D00C2A396 /* Foundation.framework */; };
		D6019C1E18E2804D00C2A396 /* CoreGraphics.framework in Frameworks */ = {isa = PBXBuildFile; fileRef = D6019C1D18E2804D00C2A396 /* CoreGraphics.framework */; };
		D6019C2018E2804D00C2A396 /* UIKit.framework in Frameworks */ = {isa = PBXBuildFile; fileRef = D6019C1F18E2804D00C2A396 /* UIKit.framework */; };
		D6019C2618E2804D00C2A396 /* InfoPlist.strings in Resources */ = {isa = PBXBuildFile; fileRef = D6019C2418E2804D00C2A396 /* InfoPlist.strings */; };
		D6019C2818E2804D00C2A396 /* main.m in Sources */ = {isa = PBXBuildFile; fileRef = D6019C2718E2804D00C2A396 /* main.m */; };
		D6019C2C18E2804D00C2A396 /* AppDelegate.m in Sources */ = {isa = PBXBuildFile; fileRef = D6019C2B18E2804D00C2A396 /* AppDelegate.m */; };
		D6019C2F18E2804D00C2A396 /* Main.storyboard in Resources */ = {isa = PBXBuildFile; fileRef = D6019C2D18E2804D00C2A396 /* Main.storyboard */; };
		D6019C3418E2804D00C2A396 /* Images.xcassets in Resources */ = {isa = PBXBuildFile; fileRef = D6019C3318E2804D00C2A396 /* Images.xcassets */; };
		D6019C3B18E2804D00C2A396 /* XCTest.framework in Frameworks */ = {isa = PBXBuildFile; fileRef = D6019C3A18E2804D00C2A396 /* XCTest.framework */; };
		D6019C3C18E2804D00C2A396 /* Foundation.framework in Frameworks */ = {isa = PBXBuildFile; fileRef = D6019C1B18E2804D00C2A396 /* Foundation.framework */; };
		D6019C3D18E2804D00C2A396 /* UIKit.framework in Frameworks */ = {isa = PBXBuildFile; fileRef = D6019C1F18E2804D00C2A396 /* UIKit.framework */; };
		D6019C4518E2804D00C2A396 /* InfoPlist.strings in Resources */ = {isa = PBXBuildFile; fileRef = D6019C4318E2804D00C2A396 /* InfoPlist.strings */; };
		D6019C4718E2804D00C2A396 /* ViewControllerTransitionDemoTests.m in Sources */ = {isa = PBXBuildFile; fileRef = D6019C4618E2804D00C2A396 /* ViewControllerTransitionDemoTests.m */; };
		D6019C5218E2807500C2A396 /* MainViewController.m in Sources */ = {isa = PBXBuildFile; fileRef = D6019C5118E2807500C2A396 /* MainViewController.m */; };
		D6A7B44D18E964CB0059BC20 /* ModalDemoViewController.m in Sources */ = {isa = PBXBuildFile; fileRef = D6A7B44C18E964CB0059BC20 /* ModalDemoViewController.m */; };
		D6A7B45218E966890059BC20 /* CustomModalTransition.m in Sources */ = {isa = PBXBuildFile; fileRef = D6A7B45118E966890059BC20 /* CustomModalTransition.m */; };
		D6A7B45F18E96B2C0059BC20 /* NavigationDemoViewController.m in Sources */ = {isa = PBXBuildFile; fileRef = D6A7B45E18E96B2C0059BC20 /* NavigationDemoViewController.m */; };
		D6A7B46218E96BF40059BC20 /* CustomNavigationTransition.m in Sources */ = {isa = PBXBuildFile; fileRef = D6A7B46118E96BF40059BC20 /* CustomNavigationTransition.m */; };
/* End PBXBuildFile section */

/* Begin PBXContainerItemProxy section */
		D6019C3E18E2804D00C2A396 /* PBXContainerItemProxy */ = {
			isa = PBXContainerItemProxy;
			containerPortal = D6019C1018E2804D00C2A396 /* Project object */;
			proxyType = 1;
			remoteGlobalIDString = D6019C1718E2804D00C2A396;
			remoteInfo = ViewControllerTransitionDemo;
		};
/* End PBXContainerItemProxy section */

/* Begin PBXFileReference section */
		D6019C1818E2804D00C2A396 /* ViewControllerTransitionDemo.app */ = {isa = PBXFileReference; explicitFileType = wrapper.application; includeInIndex = 0; path = ViewControllerTransitionDemo.app; sourceTree = BUILT_PRODUCTS_DIR; };
		D6019C1B18E2804D00C2A396 /* Foundation.framework */ = {isa = PBXFileReference; lastKnownFileType = wrapper.framework; name = Foundation.framework; path = System/Library/Frameworks/Foundation.framework; sourceTree = SDKROOT; };
		D6019C1D18E2804D00C2A396 /* CoreGraphics.framework */ = {isa = PBXFileReference; lastKnownFileType = wrapper.framework; name = CoreGraphics.framework; path = System/Library/Frameworks/CoreGraphics.framework; sourceTree = SDKROOT; };
		D6019C1F18E2804D00C2A396 /* UIKit.framework */ = {isa = PBXFileReference; lastKnownFileType = wrapper.framework; name = UIKit.framework; path = System/Library/Frameworks/UIKit.framework; sourceTree = SDKROOT; };
		D6019C2318E2804D00C2A396 /* ViewControllerTransitionDemo-Info.plist */ = {isa = PBXFileReference; lastKnownFileType = text.plist.xml; path = "ViewControllerTransitionDemo-Info.plist"; sourceTree = "<group>"; };
		D6019C2518E2804D00C2A396 /* en */ = {isa = PBXFileReference; lastKnownFileType = text.plist.strings; name = en; path = en.lproj/InfoPlist.strings; sourceTree = "<group>"; };
		D6019C2718E2804D00C2A396 /* main.m */ = {isa = PBXFileReference; lastKnownFileType = sourcecode.c.objc; path = main.m; sourceTree = "<group>"; };
		D6019C2918E2804D00C2A396 /* ViewControllerTransitionDemo-Prefix.pch */ = {isa = PBXFileReference; lastKnownFileType = sourcecode.c.h; path = "ViewControllerTransitionDemo-Prefix.pch"; sourceTree = "<group>"; };
		D6019C2A18E2804D00C2A396 /* AppDelegate.h */ = {isa = PBXFileReference; lastKnownFileType = sourcecode.c.h; path = AppDelegate.h; sourceTree = "<group>"; };
		D6019C2B18E2804D00C2A396 /* AppDelegate.m */ = {isa = PBXFileReference; lastKnownFileType = sourcecode.c.objc; path = AppDelegate.m; sourceTree = "<group>"; };
		D6019C2E18E2804D00C2A396 /* Base */ = {isa = PBXFileReference; lastKnownFileType = file.storyboard; name = Base; path = Base.lproj/Main.storyboard; sourceTree = "<group>"; };
		D6019C3318E2804D00C2A396 /* Images.xcassets */ = {isa = PBXFileReference; lastKnownFileType = folder.assetcatalog; path = Images.xcassets; sourceTree = "<group>"; };
		D6019C3918E2804D00C2A396 /* ViewControllerTransitionDemoTests.xctest */ = {isa = PBXFileReference; explicitFileType = wrapper.cfbundle; includeInIndex = 0; path = ViewControllerTransitionDemoTests.xctest; sourceTree = BUILT_PRODUCTS_DIR; };
		D6019C3A18E2804D00C2A396 /* XCTest.framework */ = {isa = PBXFileReference; lastKnownFileType = wrapper.framework; name = XCTest.framework; path = Library/Frameworks/XCTest.framework; sourceTree = DEVELOPER_DIR; };
		D6019C4218E2804D00C2A396 /* ViewControllerTransitionDemoTests-Info.plist */ = {isa = PBXFileReference; lastKnownFileType = text.plist.xml; path = "ViewControllerTransitionDemoTests-Info.plist"; sourceTree = "<group>"; };
		D6019C4418E2804D00C2A396 /* en */ = {isa = PBXFileReference; lastKnownFileType = text.plist.strings; name = en; path = en.lproj/InfoPlist.strings; sourceTree = "<group>"; };
		D6019C4618E2804D00C2A396 /* ViewControllerTransitionDemoTests.m */ = {isa = PBXFileReference; lastKnownFileType = sourcecode.c.objc; path = ViewControllerTransitionDemoTests.m; sourceTree = "<group>"; };
		D6019C5018E2807500C2A396 /* MainViewController.h */ = {isa = PBXFileReference; fileEncoding = 4; lastKnownFileType = sourcecode.c.h; path = MainViewController.h; sourceTree = "<group>"; };
		D6019C5118E2807500C2A396 /* MainViewController.m */ = {isa = PBXFileReference; fileEncoding = 4; lastKnownFileType = sourcecode.c.objc; path = MainViewController.m; sourceTree = "<group>"; };
		D6A7B44B18E964CB0059BC20 /* ModalDemoViewController.h */ = {isa = PBXFileReference; fileEncoding = 4; lastKnownFileType = sourcecode.c.h; path = ModalDemoViewController.h; sourceTree = "<group>"; };
		D6A7B44C18E964CB0059BC20 /* ModalDemoViewController.m */ = {isa = PBXFileReference; fileEncoding = 4; lastKnownFileType = sourcecode.c.objc; path = ModalDemoViewController.m; sourceTree = "<group>"; };
		D6A7B45018E966890059BC20 /* CustomModalTransition.h */ = {isa = PBXFileReference; fileEncoding = 4; lastKnownFileType = sourcecode.c.h; path = CustomModalTransition.h; sourceTree = "<group>"; };
		D6A7B45118E966890059BC20 /* CustomModalTransition.m */ = {isa = PBXFileReference; fileEncoding = 4; lastKnownFileType = sourcecode.c.objc; path = CustomModalTransition.m; sourceTree = "<group>"; };
		D6A7B45D18E96B2C0059BC20 /* NavigationDemoViewController.h */ = {isa = PBXFileReference; fileEncoding = 4; lastKnownFileType = sourcecode.c.h; path = NavigationDemoViewController.h; sourceTree = "<group>"; };
		D6A7B45E18E96B2C0059BC20 /* NavigationDemoViewController.m */ = {isa = PBXFileReference; fileEncoding = 4; lastKnownFileType = sourcecode.c.objc; path = NavigationDemoViewController.m; sourceTree = "<group>"; };
		D6A7B46018E96BF40059BC20 /* CustomNavigationTransition.h */ = {isa = PBXFileReference; fileEncoding = 4; lastKnownFileType = sourcecode.c.h; path = CustomNavigationTransition.h; sourceTree = "<group>"; };
		D6A7B46118E96BF40059BC20 /* CustomNavigationTransition.m */ = {isa = PBXFileReference; fileEncoding = 4; lastKnownFileType = sourcecode.c.objc; path = CustomNavigationTransition.m; sourceTree = "<group>"; };
/* End PBXFileReference section */

/* Begin PBXFrameworksBuildPhase section */
		D6019C1518E2804D00C2A396 /* Frameworks */ = {
			isa = PBXFrameworksBuildPhase;
			buildActionMask = 2147483647;
			files = (
				D6019C1E18E2804D00C2A396 /* CoreGraphics.framework in Frameworks */,
				D6019C2018E2804D00C2A396 /* UIKit.framework in Frameworks */,
				D6019C1C18E2804D00C2A396 /* Foundation.framework in Frameworks */,
			);
			runOnlyForDeploymentPostprocessing = 0;
		};
		D6019C3618E2804D00C2A396 /* Frameworks */ = {
			isa = PBXFrameworksBuildPhase;
			buildActionMask = 2147483647;
			files = (
				D6019C3B18E2804D00C2A396 /* XCTest.framework in Frameworks */,
				D6019C3D18E2804D00C2A396 /* UIKit.framework in Frameworks */,
				D6019C3C18E2804D00C2A396 /* Foundation.framework in Frameworks */,
			);
			runOnlyForDeploymentPostprocessing = 0;
		};
/* End PBXFrameworksBuildPhase section */

/* Begin PBXGroup section */
		D6019C0F18E2804D00C2A396 = {
			isa = PBXGroup;
			children = (
				D6019C2118E2804D00C2A396 /* ViewControllerTransitionDemo */,
				D6019C4018E2804D00C2A396 /* ViewControllerTransitionDemoTests */,
				D6019C1A18E2804D00C2A396 /* Frameworks */,
				D6019C1918E2804D00C2A396 /* Products */,
			);
			sourceTree = "<group>";
		};
		D6019C1918E2804D00C2A396 /* Products */ = {
			isa = PBXGroup;
			children = (
				D6019C1818E2804D00C2A396 /* ViewControllerTransitionDemo.app */,
				D6019C3918E2804D00C2A396 /* ViewControllerTransitionDemoTests.xctest */,
			);
			name = Products;
			sourceTree = "<group>";
		};
		D6019C1A18E2804D00C2A396 /* Frameworks */ = {
			isa = PBXGroup;
			children = (
				D6019C1B18E2804D00C2A396 /* Foundation.framework */,
				D6019C1D18E2804D00C2A396 /* CoreGraphics.framework */,
				D6019C1F18E2804D00C2A396 /* UIKit.framework */,
				D6019C3A18E2804D00C2A396 /* XCTest.framework */,
			);
			name = Frameworks;
			sourceTree = "<group>";
		};
		D6019C2118E2804D00C2A396 /* ViewControllerTransitionDemo */ = {
			isa = PBXGroup;
			children = (
				D6019C2A18E2804D00C2A396 /* AppDelegate.h */,
				D6019C2B18E2804D00C2A396 /* AppDelegate.m */,
				D6019C2D18E2804D00C2A396 /* Main.storyboard */,
				D6019C5018E2807500C2A396 /* MainViewController.h */,
				D6019C5118E2807500C2A396 /* MainViewController.m */,
				D6A7B45B18E96B070059BC20 /* Modal */,
				D6A7B45C18E96B140059BC20 /* Navigation */,
				D6019C3318E2804D00C2A396 /* Images.xcassets */,
				D6019C2218E2804D00C2A396 /* Supporting Files */,
			);
			path = ViewControllerTransitionDemo;
			sourceTree = "<group>";
		};
		D6019C2218E2804D00C2A396 /* Supporting Files */ = {
			isa = PBXGroup;
			children = (
				D6019C2318E2804D00C2A396 /* ViewControllerTransitionDemo-Info.plist */,
				D6019C2418E2804D00C2A396 /* InfoPlist.strings */,
				D6019C2718E2804D00C2A396 /* main.m */,
				D6019C2918E2804D00C2A396 /* ViewControllerTransitionDemo-Prefix.pch */,
			);
			name = "Supporting Files";
			sourceTree = "<group>";
		};
		D6019C4018E2804D00C2A396 /* ViewControllerTransitionDemoTests */ = {
			isa = PBXGroup;
			children = (
				D6019C4618E2804D00C2A396 /* ViewControllerTransitionDemoTests.m */,
				D6019C4118E2804D00C2A396 /* Supporting Files */,
			);
			path = ViewControllerTransitionDemoTests;
			sourceTree = "<group>";
		};
		D6019C4118E2804D00C2A396 /* Supporting Files */ = {
			isa = PBXGroup;
			children = (
				D6019C4218E2804D00C2A396 /* ViewControllerTransitionDemoTests-Info.plist */,
				D6019C4318E2804D00C2A396 /* InfoPlist.strings */,
			);
			name = "Supporting Files";
			sourceTree = "<group>";
		};
		D6A7B45B18E96B070059BC20 /* Modal */ = {
			isa = PBXGroup;
			children = (
				D6A7B44B18E964CB0059BC20 /* ModalDemoViewController.h */,
				D6A7B44C18E964CB0059BC20 /* ModalDemoViewController.m */,
				D6A7B45018E966890059BC20 /* CustomModalTransition.h */,
				D6A7B45118E966890059BC20 /* CustomModalTransition.m */,
			);
			name = Modal;
			sourceTree = "<group>";
		};
		D6A7B45C18E96B140059BC20 /* Navigation */ = {
			isa = PBXGroup;
			children = (
				D6A7B45D18E96B2C0059BC20 /* NavigationDemoViewController.h */,
				D6A7B45E18E96B2C0059BC20 /* NavigationDemoViewController.m */,
				D6A7B46018E96BF40059BC20 /* CustomNavigationTransition.h */,
				D6A7B46118E96BF40059BC20 /* CustomNavigationTransition.m */,
			);
			name = Navigation;
			sourceTree = "<group>";
		};
/* End PBXGroup section */

/* Begin PBXNativeTarget section */
		D6019C1718E2804D00C2A396 /* ViewControllerTransitionDemo */ = {
			isa = PBXNativeTarget;
			buildConfigurationList = D6019C4A18E2804D00C2A396 /* Build configuration list for PBXNativeTarget "ViewControllerTransitionDemo" */;
			buildPhases = (
				D6019C1418E2804D00C2A396 /* Sources */,
				D6019C1518E2804D00C2A396 /* Frameworks */,
				D6019C1618E2804D00C2A396 /* Resources */,
			);
			buildRules = (
			);
			dependencies = (
			);
			name = ViewControllerTransitionDemo;
			productName = ViewControllerTransitionDemo;
			productReference = D6019C1818E2804D00C2A396 /* ViewControllerTransitionDemo.app */;
			productType = "com.apple.product-type.application";
		};
		D6019C3818E2804D00C2A396 /* ViewControllerTransitionDemoTests */ = {
			isa = PBXNativeTarget;
			buildConfigurationList = D6019C4D18E2804D00C2A396 /* Build configuration list for PBXNativeTarget "ViewControllerTransitionDemoTests" */;
			buildPhases = (
				D6019C3518E2804D00C2A396 /* Sources */,
				D6019C3618E2804D00C2A396 /* Frameworks */,
				D6019C3718E2804D00C2A396 /* Resources */,
			);
			buildRules = (
			);
			dependencies = (
				D6019C3F18E2804D00C2A396 /* PBXTargetDependency */,
			);
			name = ViewControllerTransitionDemoTests;
			productName = ViewControllerTransitionDemoTests;
			productReference = D6019C3918E2804D00C2A396 /* ViewControllerTransitionDemoTests.xctest */;
			productType = "com.apple.product-type.bundle.unit-test";
		};
/* End PBXNativeTarget section */

/* Begin PBXProject section */
		D6019C1018E2804D00C2A396 /* Project object */ = {
			isa = PBXProject;
			attributes = {
				LastUpgradeCheck = 0510;
				ORGANIZATIONNAME = "Yoshiki Kurihara";
				TargetAttributes = {
					D6019C3818E2804D00C2A396 = {
						TestTargetID = D6019C1718E2804D00C2A396;
					};
				};
			};
			buildConfigurationList = D6019C1318E2804D00C2A396 /* Build configuration list for PBXProject "ViewControllerTransitionDemo" */;
			compatibilityVersion = "Xcode 3.2";
			developmentRegion = English;
			hasScannedForEncodings = 0;
			knownRegions = (
				en,
				Base,
			);
			mainGroup = D6019C0F18E2804D00C2A396;
			productRefGroup = D6019C1918E2804D00C2A396 /* Products */;
			projectDirPath = "";
			projectRoot = "";
			targets = (
				D6019C1718E2804D00C2A396 /* ViewControllerTransitionDemo */,
				D6019C3818E2804D00C2A396 /* ViewControllerTransitionDemoTests */,
			);
		};
/* End PBXProject section */

/* Begin PBXResourcesBuildPhase section */
		D6019C1618E2804D00C2A396 /* Resources */ = {
			isa = PBXResourcesBuildPhase;
			buildActionMask = 2147483647;
			files = (
				D6019C3418E2804D00C2A396 /* Images.xcassets in Resources */,
				D6019C2618E2804D00C2A396 /* InfoPlist.strings in Resources */,
				D6019C2F18E2804D00C2A396 /* Main.storyboard in Resources */,
			);
			runOnlyForDeploymentPostprocessing = 0;
		};
		D6019C3718E2804D00C2A396 /* Resources */ = {
			isa = PBXResourcesBuildPhase;
			buildActionMask = 2147483647;
			files = (
				D6019C4518E2804D00C2A396 /* InfoPlist.strings in Resources */,
			);
			runOnlyForDeploymentPostprocessing = 0;
		};
/* End PBXResourcesBuildPhase section */

/* Begin PBXSourcesBuildPhase section */
		D6019C1418E2804D00C2A396 /* Sources */ = {
			isa = PBXSourcesBuildPhase;
			buildActionMask = 2147483647;
			files = (
				D6A7B45218E966890059BC20 /* CustomModalTransition.m in Sources */,
				D6019C2C18E2804D00C2A396 /* AppDelegate.m in Sources */,
				D6A7B46218E96BF40059BC20 /* CustomNavigationTransition.m in Sources */,
				D6A7B44D18E964CB0059BC20 /* ModalDemoViewController.m in Sources */,
				D6019C5218E2807500C2A396 /* MainViewController.m in Sources */,
				D6019C2818E2804D00C2A396 /* main.m in Sources */,
				D6A7B45F18E96B2C0059BC20 /* NavigationDemoViewController.m in Sources */,
			);
			runOnlyForDeploymentPostprocessing = 0;
		};
		D6019C3518E2804D00C2A396 /* Sources */ = {
			isa = PBXSourcesBuildPhase;
			buildActionMask = 2147483647;
			files = (
				D6019C4718E2804D00C2A396 /* ViewControllerTransitionDemoTests.m in Sources */,
			);
			runOnlyForDeploymentPostprocessing = 0;
		};
/* End PBXSourcesBuildPhase section */

/* Begin PBXTargetDependency section */
		D6019C3F18E2804D00C2A396 /* PBXTargetDependency */ = {
			isa = PBXTargetDependency;
			target = D6019C1718E2804D00C2A396 /* ViewControllerTransitionDemo */;
			targetProxy = D6019C3E18E2804D00C2A396 /* PBXContainerItemProxy */;
		};
/* End PBXTargetDependency section */

/* Begin PBXVariantGroup section */
		D6019C2418E2804D00C2A396 /* InfoPlist.strings */ = {
			isa = PBXVariantGroup;
			children = (
				D6019C2518E2804D00C2A396 /* en */,
			);
			name = InfoPlist.strings;
			sourceTree = "<group>";
		};
		D6019C2D18E2804D00C2A396 /* Main.storyboard */ = {
			isa = PBXVariantGroup;
			children = (
				D6019C2E18E2804D00C2A396 /* Base */,
			);
			name = Main.storyboard;
			sourceTree = "<group>";
		};
		D6019C4318E2804D00C2A396 /* InfoPlist.strings */ = {
			isa = PBXVariantGroup;
			children = (
				D6019C4418E2804D00C2A396 /* en */,
			);
			name = InfoPlist.strings;
			sourceTree = "<group>";
		};
/* End PBXVariantGroup section */

/* Begin XCBuildConfiguration section */
		D6019C4818E2804D00C2A396 /* Debug */ = {
			isa = XCBuildConfiguration;
			buildSettings = {
				ALWAYS_SEARCH_USER_PATHS = NO;
				CLANG_CXX_LANGUAGE_STANDARD = "gnu++0x";
				CLANG_CXX_LIBRARY = "libc++";
				CLANG_ENABLE_MODULES = YES;
				CLANG_ENABLE_OBJC_ARC = YES;
				CLANG_WARN_BOOL_CONVERSION = YES;
				CLANG_WARN_CONSTANT_CONVERSION = YES;
				CLANG_WARN_DIRECT_OBJC_ISA_USAGE = YES_ERROR;
				CLANG_WARN_EMPTY_BODY = YES;
				CLANG_WARN_ENUM_CONVERSION = YES;
				CLANG_WARN_INT_CONVERSION = YES;
				CLANG_WARN_OBJC_ROOT_CLASS = YES_ERROR;
				CLANG_WARN__DUPLICATE_METHOD_MATCH = YES;
				"CODE_SIGN_IDENTITY[sdk=iphoneos*]" = "iPhone Developer";
				COPY_PHASE_STRIP = NO;
				GCC_C_LANGUAGE_STANDARD = gnu99;
				GCC_DYNAMIC_NO_PIC = NO;
				GCC_OPTIMIZATION_LEVEL = 0;
				GCC_PREPROCESSOR_DEFINITIONS = (
					"DEBUG=1",
					"$(inherited)",
				);
				GCC_SYMBOLS_PRIVATE_EXTERN = NO;
				GCC_WARN_64_TO_32_BIT_CONVERSION = YES;
				GCC_WARN_ABOUT_RETURN_TYPE = YES_ERROR;
				GCC_WARN_UNDECLARED_SELECTOR = YES;
				GCC_WARN_UNINITIALIZED_AUTOS = YES_AGGRESSIVE;
				GCC_WARN_UNUSED_FUNCTION = YES;
				GCC_WARN_UNUSED_VARIABLE = YES;
				IPHONEOS_DEPLOYMENT_TARGET = 7.1;
				ONLY_ACTIVE_ARCH = YES;
				SDKROOT = iphoneos;
			};
			name = Debug;
		};
		D6019C4918E2804D00C2A396 /* Release */ = {
			isa = XCBuildConfiguration;
			buildSettings = {
				ALWAYS_SEARCH_USER_PATHS = NO;
				CLANG_CXX_LANGUAGE_STANDARD = "gnu++0x";
				CLANG_CXX_LIBRARY = "libc++";
				CLANG_ENABLE_MODULES = YES;
				CLANG_ENABLE_OBJC_ARC = YES;
				CLANG_WARN_BOOL_CONVERSION = YES;
				CLANG_WARN_CONSTANT_CONVERSION = YES;
				CLANG_WARN_DIRECT_OBJC_ISA_USAGE = YES_ERROR;
				CLANG_WARN_EMPTY_BODY = YES;
				CLANG_WARN_ENUM_CONVERSION = YES;
				CLANG_WARN_INT_CONVERSION = YES;
				CLANG_WARN_OBJC_ROOT_CLASS = YES_ERROR;
				CLANG_WARN__DUPLICATE_METHOD_MATCH = YES;
				"CODE_SIGN_IDENTITY[sdk=iphoneos*]" = "iPhone Developer";
				COPY_PHASE_STRIP = YES;
				ENABLE_NS_ASSERTIONS = NO;
				GCC_C_LANGUAGE_STANDARD = gnu99;
				GCC_WARN_64_TO_32_BIT_CONVERSION = YES;
				GCC_WARN_ABOUT_RETURN_TYPE = YES_ERROR;
				GCC_WARN_UNDECLARED_SELECTOR = YES;
				GCC_WARN_UNINITIALIZED_AUTOS = YES_AGGRESSIVE;
				GCC_WARN_UNUSED_FUNCTION = YES;
				GCC_WARN_UNUSED_VARIABLE = YES;
				IPHONEOS_DEPLOYMENT_TARGET = 7.1;
				SDKROOT = iphoneos;
				VALIDATE_PRODUCT = YES;
			};
			name = Release;
		};
		D6019C4B18E2804D00C2A396 /* Debug */ = {
			isa = XCBuildConfiguration;
			buildSettings = {
				ASSETCATALOG_COMPILER_APPICON_NAME = AppIcon;
				ASSETCATALOG_COMPILER_LAUNCHIMAGE_NAME = LaunchImage;
				GCC_PRECOMPILE_PREFIX_HEADER = YES;
				GCC_PREFIX_HEADER = "ViewControllerTransitionDemo/ViewControllerTransitionDemo-Prefix.pch";
				INFOPLIST_FILE = "ViewControllerTransitionDemo/ViewControllerTransitionDemo-Info.plist";
				PRODUCT_NAME = "$(TARGET_NAME)";
				WRAPPER_EXTENSION = app;
			};
			name = Debug;
		};
		D6019C4C18E2804D00C2A396 /* Release */ = {
			isa = XCBuildConfiguration;
			buildSettings = {
				ASSETCATALOG_COMPILER_APPICON_NAME = AppIcon;
				ASSETCATALOG_COMPILER_LAUNCHIMAGE_NAME = LaunchImage;
				GCC_PRECOMPILE_PREFIX_HEADER = YES;
				GCC_PREFIX_HEADER = "ViewControllerTransitionDemo/ViewControllerTransitionDemo-Prefix.pch";
				INFOPLIST_FILE = "ViewControllerTransitionDemo/ViewControllerTransitionDemo-Info.plist";
				PRODUCT_NAME = "$(TARGET_NAME)";
				WRAPPER_EXTENSION = app;
			};
			name = Release;
		};
		D6019C4E18E2804D00C2A396 /* Debug */ = {
			isa = XCBuildConfiguration;
			buildSettings = {
				BUNDLE_LOADER = "$(BUILT_PRODUCTS_DIR)/ViewControllerTransitionDemo.app/ViewControllerTransitionDemo";
				FRAMEWORK_SEARCH_PATHS = (
					"$(SDKROOT)/Developer/Library/Frameworks",
					"$(inherited)",
					"$(DEVELOPER_FRAMEWORKS_DIR)",
				);
				GCC_PRECOMPILE_PREFIX_HEADER = YES;
				GCC_PREFIX_HEADER = "ViewControllerTransitionDemo/ViewControllerTransitionDemo-Prefix.pch";
				GCC_PREPROCESSOR_DEFINITIONS = (
					"DEBUG=1",
					"$(inherited)",
				);
				INFOPLIST_FILE = "ViewControllerTransitionDemoTests/ViewControllerTransitionDemoTests-Info.plist";
				PRODUCT_NAME = "$(TARGET_NAME)";
				TEST_HOST = "$(BUNDLE_LOADER)";
				WRAPPER_EXTENSION = xctest;
			};
			name = Debug;
		};
		D6019C4F18E2804D00C2A396 /* Release */ = {
			isa = XCBuildConfiguration;
			buildSettings = {
				BUNDLE_LOADER = "$(BUILT_PRODUCTS_DIR)/ViewControllerTransitionDemo.app/ViewControllerTransitionDemo";
				FRAMEWORK_SEARCH_PATHS = (
					"$(SDKROOT)/Developer/Library/Frameworks",
					"$(inherited)",
					"$(DEVELOPER_FRAMEWORKS_DIR)",
				);
				GCC_PRECOMPILE_PREFIX_HEADER = YES;
				GCC_PREFIX_HEADER = "ViewControllerTransitionDemo/ViewControllerTransitionDemo-Prefix.pch";
				INFOPLIST_FILE = "ViewControllerTransitionDemoTests/ViewControllerTransitionDemoTests-Info.plist";
				PRODUCT_NAME = "$(TARGET_NAME)";
				TEST_HOST = "$(BUNDLE_LOADER)";
				WRAPPER_EXTENSION = xctest;
			};
			name = Release;
		};
/* End XCBuildConfiguration section */

/* Begin XCConfigurationList section */
		D6019C1318E2804D00C2A396 /* Build configuration list for PBXProject "ViewControllerTransitionDemo" */ = {
			isa = XCConfigurationList;
			buildConfigurations = (
				D6019C4818E2804D00C2A396 /* Debug */,
				D6019C4918E2804D00C2A396 /* Release */,
			);
			defaultConfigurationIsVisible = 0;
			defaultConfigurationName = Release;
		};
		D6019C4A18E2804D00C2A396 /* Build configuration list for PBXNativeTarget "ViewControllerTransitionDemo" */ = {
			isa = XCConfigurationList;
			buildConfigurations = (
				D6019C4B18E2804D00C2A396 /* Debug */,
				D6019C4C18E2804D00C2A396 /* Release */,
			);
			defaultConfigurationIsVisible = 0;
			defaultConfigurationName = Release;
		};
		D6019C4D18E2804D00C2A396 /* Build configuration list for PBXNativeTarget "ViewControllerTransitionDemoTests" */ = {
			isa = XCConfigurationList;
			buildConfigurations = (
				D6019C4E18E2804D00C2A396 /* Debug */,
				D6019C4F18E2804D00C2A396 /* Release */,
			);
			defaultConfigurationIsVisible = 0;
			defaultConfigurationName = Release;
		};
/* End XCConfigurationList section */
	};
	rootObject = D6019C1018E2804D00C2A396 /* Project object */;
}
